// !$*UTF8*$!
{
	archiveVersion = 1;
	classes = {
	};
	objectVersion = 56;
	objects = {

/* Begin PBXBuildFile section */
		584964972D631F6A00F8D73F /* PokeDexApp.swift in Sources */ = {isa = PBXBuildFile; fileRef = 584964962D631F6A00F8D73F /* PokeDexApp.swift */; };
		584964992D631F6A00F8D73F /* ContentView.swift in Sources */ = {isa = PBXBuildFile; fileRef = 584964982D631F6A00F8D73F /* ContentView.swift */; };
		5849649B2D631F6C00F8D73F /* Assets.xcassets in Resources */ = {isa = PBXBuildFile; fileRef = 5849649A2D631F6C00F8D73F /* Assets.xcassets */; };
		5849649E2D631F6C00F8D73F /* Preview Assets.xcassets in Resources */ = {isa = PBXBuildFile; fileRef = 5849649D2D631F6C00F8D73F /* Preview Assets.xcassets */; };
		584964A02D631F6C00F8D73F /* Persistence.swift in Sources */ = {isa = PBXBuildFile; fileRef = 5849649F2D631F6C00F8D73F /* Persistence.swift */; };
		584964A32D631F6C00F8D73F /* PokeDex.xcdatamodeld in Sources */ = {isa = PBXBuildFile; fileRef = 584964A12D631F6C00F8D73F /* PokeDex.xcdatamodeld */; };
		584964AD2D631F6C00F8D73F /* PokeDexTests.swift in Sources */ = {isa = PBXBuildFile; fileRef = 584964AC2D631F6C00F8D73F /* PokeDexTests.swift */; };
		584964B72D631F6C00F8D73F /* PokeDexUITests.swift in Sources */ = {isa = PBXBuildFile; fileRef = 584964B62D631F6C00F8D73F /* PokeDexUITests.swift */; };
		584964B92D631F6C00F8D73F /* PokeDexUITestsLaunchTests.swift in Sources */ = {isa = PBXBuildFile; fileRef = 584964B82D631F6C00F8D73F /* PokeDexUITestsLaunchTests.swift */; };
		584964C72D6323CC00F8D73F /* Pokemon.swift in Sources */ = {isa = PBXBuildFile; fileRef = 584964C62D6323CC00F8D73F /* Pokemon.swift */; };
		584964C92D63242B00F8D73F /* PokemonService.swift in Sources */ = {isa = PBXBuildFile; fileRef = 584964C82D63242B00F8D73F /* PokemonService.swift */; };
		584964CB2D63245400F8D73F /* PokemonViewModel.swift in Sources */ = {isa = PBXBuildFile; fileRef = 584964CA2D63245400F8D73F /* PokemonViewModel.swift */; };
/* End PBXBuildFile section */

/* Begin PBXContainerItemProxy section */
		584964A92D631F6C00F8D73F /* PBXContainerItemProxy */ = {
			isa = PBXContainerItemProxy;
			containerPortal = 5849648B2D631F6A00F8D73F /* Project object */;
			proxyType = 1;
			remoteGlobalIDString = 584964922D631F6A00F8D73F;
			remoteInfo = PokeDex;
		};
		584964B32D631F6C00F8D73F /* PBXContainerItemProxy */ = {
			isa = PBXContainerItemProxy;
			containerPortal = 5849648B2D631F6A00F8D73F /* Project object */;
			proxyType = 1;
			remoteGlobalIDString = 584964922D631F6A00F8D73F;
			remoteInfo = PokeDex;
		};
/* End PBXContainerItemProxy section */

/* Begin PBXFileReference section */
		584964932D631F6A00F8D73F /* PokeDex.app */ = {isa = PBXFileReference; explicitFileType = wrapper.application; includeInIndex = 0; path = PokeDex.app; sourceTree = BUILT_PRODUCTS_DIR; };
		584964962D631F6A00F8D73F /* PokeDexApp.swift */ = {isa = PBXFileReference; lastKnownFileType = sourcecode.swift; path = PokeDexApp.swift; sourceTree = "<group>"; };
		584964982D631F6A00F8D73F /* ContentView.swift */ = {isa = PBXFileReference; lastKnownFileType = sourcecode.swift; path = ContentView.swift; sourceTree = "<group>"; };
		5849649A2D631F6C00F8D73F /* Assets.xcassets */ = {isa = PBXFileReference; lastKnownFileType = folder.assetcatalog; path = Assets.xcassets; sourceTree = "<group>"; };
		5849649D2D631F6C00F8D73F /* Preview Assets.xcassets */ = {isa = PBXFileReference; lastKnownFileType = folder.assetcatalog; path = "Preview Assets.xcassets"; sourceTree = "<group>"; };
		5849649F2D631F6C00F8D73F /* Persistence.swift */ = {isa = PBXFileReference; lastKnownFileType = sourcecode.swift; path = Persistence.swift; sourceTree = "<group>"; };
		584964A22D631F6C00F8D73F /* PokeDex.xcdatamodel */ = {isa = PBXFileReference; lastKnownFileType = wrapper.xcdatamodel; path = PokeDex.xcdatamodel; sourceTree = "<group>"; };
		584964A82D631F6C00F8D73F /* PokeDexTests.xctest */ = {isa = PBXFileReference; explicitFileType = wrapper.cfbundle; includeInIndex = 0; path = PokeDexTests.xctest; sourceTree = BUILT_PRODUCTS_DIR; };
		584964AC2D631F6C00F8D73F /* PokeDexTests.swift */ = {isa = PBXFileReference; lastKnownFileType = sourcecode.swift; path = PokeDexTests.swift; sourceTree = "<group>"; };
		584964B22D631F6C00F8D73F /* PokeDexUITests.xctest */ = {isa = PBXFileReference; explicitFileType = wrapper.cfbundle; includeInIndex = 0; path = PokeDexUITests.xctest; sourceTree = BUILT_PRODUCTS_DIR; };
		584964B62D631F6C00F8D73F /* PokeDexUITests.swift */ = {isa = PBXFileReference; lastKnownFileType = sourcecode.swift; path = PokeDexUITests.swift; sourceTree = "<group>"; };
		584964B82D631F6C00F8D73F /* PokeDexUITestsLaunchTests.swift */ = {isa = PBXFileReference; lastKnownFileType = sourcecode.swift; path = PokeDexUITestsLaunchTests.swift; sourceTree = "<group>"; };
		584964C52D63238900F8D73F /* Info.plist */ = {isa = PBXFileReference; lastKnownFileType = text.plist; path = Info.plist; sourceTree = "<group>"; };
		584964C62D6323CC00F8D73F /* Pokemon.swift */ = {isa = PBXFileReference; lastKnownFileType = sourcecode.swift; path = Pokemon.swift; sourceTree = "<group>"; };
		584964C82D63242B00F8D73F /* PokemonService.swift */ = {isa = PBXFileReference; lastKnownFileType = sourcecode.swift; path = PokemonService.swift; sourceTree = "<group>"; };
		584964CA2D63245400F8D73F /* PokemonViewModel.swift */ = {isa = PBXFileReference; lastKnownFileType = sourcecode.swift; path = PokemonViewModel.swift; sourceTree = "<group>"; };
/* End PBXFileReference section */

/* Begin PBXFrameworksBuildPhase section */
		584964902D631F6A00F8D73F /* Frameworks */ = {
			isa = PBXFrameworksBuildPhase;
			buildActionMask = 2147483647;
			files = (
			);
			runOnlyForDeploymentPostprocessing = 0;
		};
		584964A52D631F6C00F8D73F /* Frameworks */ = {
			isa = PBXFrameworksBuildPhase;
			buildActionMask = 2147483647;
			files = (
			);
			runOnlyForDeploymentPostprocessing = 0;
		};
		584964AF2D631F6C00F8D73F /* Frameworks */ = {
			isa = PBXFrameworksBuildPhase;
			buildActionMask = 2147483647;
			files = (
			);
			runOnlyForDeploymentPostprocessing = 0;
		};
/* End PBXFrameworksBuildPhase section */

/* Begin PBXGroup section */
		5849648A2D631F6A00F8D73F = {
			isa = PBXGroup;
			children = (
				584964952D631F6A00F8D73F /* PokeDex */,
				584964AB2D631F6C00F8D73F /* PokeDexTests */,
				584964B52D631F6C00F8D73F /* PokeDexUITests */,
				584964942D631F6A00F8D73F /* Products */,
			);
			sourceTree = "<group>";
		};
		584964942D631F6A00F8D73F /* Products */ = {
			isa = PBXGroup;
			children = (
				584964932D631F6A00F8D73F /* PokeDex.app */,
				584964A82D631F6C00F8D73F /* PokeDexTests.xctest */,
				584964B22D631F6C00F8D73F /* PokeDexUITests.xctest */,
			);
			name = Products;
			sourceTree = "<group>";
		};
		584964952D631F6A00F8D73F /* PokeDex */ = {
			isa = PBXGroup;
			children = (
				584964C52D63238900F8D73F /* Info.plist */,
				584964962D631F6A00F8D73F /* PokeDexApp.swift */,
				584964982D631F6A00F8D73F /* ContentView.swift */,
				5849649A2D631F6C00F8D73F /* Assets.xcassets */,
				5849649F2D631F6C00F8D73F /* Persistence.swift */,
				584964A12D631F6C00F8D73F /* PokeDex.xcdatamodeld */,
				5849649C2D631F6C00F8D73F /* Preview Content */,
				584964C62D6323CC00F8D73F /* Pokemon.swift */,
				584964C82D63242B00F8D73F /* PokemonService.swift */,
				584964CA2D63245400F8D73F /* PokemonViewModel.swift */,
			);
			path = PokeDex;
			sourceTree = "<group>";
		};
		5849649C2D631F6C00F8D73F /* Preview Content */ = {
			isa = PBXGroup;
			children = (
				5849649D2D631F6C00F8D73F /* Preview Assets.xcassets */,
			);
			path = "Preview Content";
			sourceTree = "<group>";
		};
		584964AB2D631F6C00F8D73F /* PokeDexTests */ = {
			isa = PBXGroup;
			children = (
				584964AC2D631F6C00F8D73F /* PokeDexTests.swift */,
			);
			path = PokeDexTests;
			sourceTree = "<group>";
		};
		584964B52D631F6C00F8D73F /* PokeDexUITests */ = {
			isa = PBXGroup;
			children = (
				584964B62D631F6C00F8D73F /* PokeDexUITests.swift */,
				584964B82D631F6C00F8D73F /* PokeDexUITestsLaunchTests.swift */,
			);
			path = PokeDexUITests;
			sourceTree = "<group>";
		};
/* End PBXGroup section */

/* Begin PBXNativeTarget section */
		584964922D631F6A00F8D73F /* PokeDex */ = {
			isa = PBXNativeTarget;
			buildConfigurationList = 584964BC2D631F6C00F8D73F /* Build configuration list for PBXNativeTarget "PokeDex" */;
			buildPhases = (
				5849648F2D631F6A00F8D73F /* Sources */,
				584964902D631F6A00F8D73F /* Frameworks */,
				584964912D631F6A00F8D73F /* Resources */,
			);
			buildRules = (
			);
			dependencies = (
			);
			name = PokeDex;
			productName = PokeDex;
			productReference = 584964932D631F6A00F8D73F /* PokeDex.app */;
			productType = "com.apple.product-type.application";
		};
		584964A72D631F6C00F8D73F /* PokeDexTests */ = {
			isa = PBXNativeTarget;
			buildConfigurationList = 584964BF2D631F6C00F8D73F /* Build configuration list for PBXNativeTarget "PokeDexTests" */;
			buildPhases = (
				584964A42D631F6C00F8D73F /* Sources */,
				584964A52D631F6C00F8D73F /* Frameworks */,
				584964A62D631F6C00F8D73F /* Resources */,
			);
			buildRules = (
			);
			dependencies = (
				584964AA2D631F6C00F8D73F /* PBXTargetDependency */,
			);
			name = PokeDexTests;
			productName = PokeDexTests;
			productReference = 584964A82D631F6C00F8D73F /* PokeDexTests.xctest */;
			productType = "com.apple.product-type.bundle.unit-test";
		};
		584964B12D631F6C00F8D73F /* PokeDexUITests */ = {
			isa = PBXNativeTarget;
			buildConfigurationList = 584964C22D631F6C00F8D73F /* Build configuration list for PBXNativeTarget "PokeDexUITests" */;
			buildPhases = (
				584964AE2D631F6C00F8D73F /* Sources */,
				584964AF2D631F6C00F8D73F /* Frameworks */,
				584964B02D631F6C00F8D73F /* Resources */,
			);
			buildRules = (
			);
			dependencies = (
				584964B42D631F6C00F8D73F /* PBXTargetDependency */,
			);
			name = PokeDexUITests;
			productName = PokeDexUITests;
			productReference = 584964B22D631F6C00F8D73F /* PokeDexUITests.xctest */;
			productType = "com.apple.product-type.bundle.ui-testing";
		};
/* End PBXNativeTarget section */

/* Begin PBXProject section */
		5849648B2D631F6A00F8D73F /* Project object */ = {
			isa = PBXProject;
			attributes = {
				BuildIndependentTargetsInParallel = 1;
				LastSwiftUpdateCheck = 1500;
				LastUpgradeCheck = 1500;
				TargetAttributes = {
					584964922D631F6A00F8D73F = {
						CreatedOnToolsVersion = 15.0.1;
					};
					584964A72D631F6C00F8D73F = {
						CreatedOnToolsVersion = 15.0.1;
						TestTargetID = 584964922D631F6A00F8D73F;
					};
					584964B12D631F6C00F8D73F = {
						CreatedOnToolsVersion = 15.0.1;
						TestTargetID = 584964922D631F6A00F8D73F;
					};
				};
			};
			buildConfigurationList = 5849648E2D631F6A00F8D73F /* Build configuration list for PBXProject "PokeDex" */;
			compatibilityVersion = "Xcode 14.0";
			developmentRegion = en;
			hasScannedForEncodings = 0;
			knownRegions = (
				en,
				Base,
			);
			mainGroup = 5849648A2D631F6A00F8D73F;
			productRefGroup = 584964942D631F6A00F8D73F /* Products */;
			projectDirPath = "";
			projectRoot = "";
			targets = (
				584964922D631F6A00F8D73F /* PokeDex */,
				584964A72D631F6C00F8D73F /* PokeDexTests */,
				584964B12D631F6C00F8D73F /* PokeDexUITests */,
			);
		};
/* End PBXProject section */

/* Begin PBXResourcesBuildPhase section */
		584964912D631F6A00F8D73F /* Resources */ = {
			isa = PBXResourcesBuildPhase;
			buildActionMask = 2147483647;
			files = (
				5849649E2D631F6C00F8D73F /* Preview Assets.xcassets in Resources */,
				5849649B2D631F6C00F8D73F /* Assets.xcassets in Resources */,
			);
			runOnlyForDeploymentPostprocessing = 0;
		};
		584964A62D631F6C00F8D73F /* Resources */ = {
			isa = PBXResourcesBuildPhase;
			buildActionMask = 2147483647;
			files = (
			);
			runOnlyForDeploymentPostprocessing = 0;
		};
		584964B02D631F6C00F8D73F /* Resources */ = {
			isa = PBXResourcesBuildPhase;
			buildActionMask = 2147483647;
			files = (
			);
			runOnlyForDeploymentPostprocessing = 0;
		};
/* End PBXResourcesBuildPhase section */

/* Begin PBXSourcesBuildPhase section */
		5849648F2D631F6A00F8D73F /* Sources */ = {
			isa = PBXSourcesBuildPhase;
			buildActionMask = 2147483647;
			files = (
				584964C72D6323CC00F8D73F /* Pokemon.swift in Sources */,
				584964A32D631F6C00F8D73F /* PokeDex.xcdatamodeld in Sources */,
				584964A02D631F6C00F8D73F /* Persistence.swift in Sources */,
				584964CB2D63245400F8D73F /* PokemonViewModel.swift in Sources */,
				584964992D631F6A00F8D73F /* ContentView.swift in Sources */,
				584964972D631F6A00F8D73F /* PokeDexApp.swift in Sources */,
				584964C92D63242B00F8D73F /* PokemonService.swift in Sources */,
			);
			runOnlyForDeploymentPostprocessing = 0;
		};
		584964A42D631F6C00F8D73F /* Sources */ = {
			isa = PBXSourcesBuildPhase;
			buildActionMask = 2147483647;
			files = (
				584964AD2D631F6C00F8D73F /* PokeDexTests.swift in Sources */,
			);
			runOnlyForDeploymentPostprocessing = 0;
		};
		584964AE2D631F6C00F8D73F /* Sources */ = {
			isa = PBXSourcesBuildPhase;
			buildActionMask = 2147483647;
			files = (
				584964B72D631F6C00F8D73F /* PokeDexUITests.swift in Sources */,
				584964B92D631F6C00F8D73F /* PokeDexUITestsLaunchTests.swift in Sources */,
			);
			runOnlyForDeploymentPostprocessing = 0;
		};
/* End PBXSourcesBuildPhase section */

/* Begin PBXTargetDependency section */
		584964AA2D631F6C00F8D73F /* PBXTargetDependency */ = {
			isa = PBXTargetDependency;
			target = 584964922D631F6A00F8D73F /* PokeDex */;
			targetProxy = 584964A92D631F6C00F8D73F /* PBXContainerItemProxy */;
		};
		584964B42D631F6C00F8D73F /* PBXTargetDependency */ = {
			isa = PBXTargetDependency;
			target = 584964922D631F6A00F8D73F /* PokeDex */;
			targetProxy = 584964B32D631F6C00F8D73F /* PBXContainerItemProxy */;
		};
/* End PBXTargetDependency section */

/* Begin XCBuildConfiguration section */
		584964BA2D631F6C00F8D73F /* Debug */ = {
			isa = XCBuildConfiguration;
			buildSettings = {
				ALWAYS_SEARCH_USER_PATHS = NO;
				ASSETCATALOG_COMPILER_GENERATE_SWIFT_ASSET_SYMBOL_EXTENSIONS = YES;
				CLANG_ANALYZER_NONNULL = YES;
				CLANG_ANALYZER_NUMBER_OBJECT_CONVERSION = YES_AGGRESSIVE;
				CLANG_CXX_LANGUAGE_STANDARD = "gnu++20";
				CLANG_ENABLE_MODULES = YES;
				CLANG_ENABLE_OBJC_ARC = YES;
				CLANG_ENABLE_OBJC_WEAK = YES;
				CLANG_WARN_BLOCK_CAPTURE_AUTORELEASING = YES;
				CLANG_WARN_BOOL_CONVERSION = YES;
				CLANG_WARN_COMMA = YES;
				CLANG_WARN_CONSTANT_CONVERSION = YES;
				CLANG_WARN_DEPRECATED_OBJC_IMPLEMENTATIONS = YES;
				CLANG_WARN_DIRECT_OBJC_ISA_USAGE = YES_ERROR;
				CLANG_WARN_DOCUMENTATION_COMMENTS = YES;
				CLANG_WARN_EMPTY_BODY = YES;
				CLANG_WARN_ENUM_CONVERSION = YES;
				CLANG_WARN_INFINITE_RECURSION = YES;
				CLANG_WARN_INT_CONVERSION = YES;
				CLANG_WARN_NON_LITERAL_NULL_CONVERSION = YES;
				CLANG_WARN_OBJC_IMPLICIT_RETAIN_SELF = YES;
				CLANG_WARN_OBJC_LITERAL_CONVERSION = YES;
				CLANG_WARN_OBJC_ROOT_CLASS = YES_ERROR;
				CLANG_WARN_QUOTED_INCLUDE_IN_FRAMEWORK_HEADER = YES;
				CLANG_WARN_RANGE_LOOP_ANALYSIS = YES;
				CLANG_WARN_STRICT_PROTOTYPES = YES;
				CLANG_WARN_SUSPICIOUS_MOVE = YES;
				CLANG_WARN_UNGUARDED_AVAILABILITY = YES_AGGRESSIVE;
				CLANG_WARN_UNREACHABLE_CODE = YES;
				CLANG_WARN__DUPLICATE_METHOD_MATCH = YES;
				COPY_PHASE_STRIP = NO;
				DEBUG_INFORMATION_FORMAT = dwarf;
				ENABLE_STRICT_OBJC_MSGSEND = YES;
				ENABLE_TESTABILITY = YES;
				ENABLE_USER_SCRIPT_SANDBOXING = YES;
				GCC_C_LANGUAGE_STANDARD = gnu17;
				GCC_DYNAMIC_NO_PIC = NO;
				GCC_NO_COMMON_BLOCKS = YES;
				GCC_OPTIMIZATION_LEVEL = 0;
				GCC_PREPROCESSOR_DEFINITIONS = (
					"DEBUG=1",
					"$(inherited)",
				);
				GCC_WARN_64_TO_32_BIT_CONVERSION = YES;
				GCC_WARN_ABOUT_RETURN_TYPE = YES_ERROR;
				GCC_WARN_UNDECLARED_SELECTOR = YES;
				GCC_WARN_UNINITIALIZED_AUTOS = YES_AGGRESSIVE;
				GCC_WARN_UNUSED_FUNCTION = YES;
				GCC_WARN_UNUSED_VARIABLE = YES;
				IPHONEOS_DEPLOYMENT_TARGET = 17.0;
				LOCALIZATION_PREFERS_STRING_CATALOGS = YES;
				MTL_ENABLE_DEBUG_INFO = INCLUDE_SOURCE;
				MTL_FAST_MATH = YES;
				ONLY_ACTIVE_ARCH = YES;
				SDKROOT = iphoneos;
				SWIFT_ACTIVE_COMPILATION_CONDITIONS = "DEBUG $(inherited)";
				SWIFT_OPTIMIZATION_LEVEL = "-Onone";
			};
			name = Debug;
		};
		584964BB2D631F6C00F8D73F /* Release */ = {
			isa = XCBuildConfiguration;
			buildSettings = {
				ALWAYS_SEARCH_USER_PATHS = NO;
				ASSETCATALOG_COMPILER_GENERATE_SWIFT_ASSET_SYMBOL_EXTENSIONS = YES;
				CLANG_ANALYZER_NONNULL = YES;
				CLANG_ANALYZER_NUMBER_OBJECT_CONVERSION = YES_AGGRESSIVE;
				CLANG_CXX_LANGUAGE_STANDARD = "gnu++20";
				CLANG_ENABLE_MODULES = YES;
				CLANG_ENABLE_OBJC_ARC = YES;
				CLANG_ENABLE_OBJC_WEAK = YES;
				CLANG_WARN_BLOCK_CAPTURE_AUTORELEASING = YES;
				CLANG_WARN_BOOL_CONVERSION = YES;
				CLANG_WARN_COMMA = YES;
				CLANG_WARN_CONSTANT_CONVERSION = YES;
				CLANG_WARN_DEPRECATED_OBJC_IMPLEMENTATIONS = YES;
				CLANG_WARN_DIRECT_OBJC_ISA_USAGE = YES_ERROR;
				CLANG_WARN_DOCUMENTATION_COMMENTS = YES;
				CLANG_WARN_EMPTY_BODY = YES;
				CLANG_WARN_ENUM_CONVERSION = YES;
				CLANG_WARN_INFINITE_RECURSION = YES;
				CLANG_WARN_INT_CONVERSION = YES;
				CLANG_WARN_NON_LITERAL_NULL_CONVERSION = YES;
				CLANG_WARN_OBJC_IMPLICIT_RETAIN_SELF = YES;
				CLANG_WARN_OBJC_LITERAL_CONVERSION = YES;
				CLANG_WARN_OBJC_ROOT_CLASS = YES_ERROR;
				CLANG_WARN_QUOTED_INCLUDE_IN_FRAMEWORK_HEADER = YES;
				CLANG_WARN_RANGE_LOOP_ANALYSIS = YES;
				CLANG_WARN_STRICT_PROTOTYPES = YES;
				CLANG_WARN_SUSPICIOUS_MOVE = YES;
				CLANG_WARN_UNGUARDED_AVAILABILITY = YES_AGGRESSIVE;
				CLANG_WARN_UNREACHABLE_CODE = YES;
				CLANG_WARN__DUPLICATE_METHOD_MATCH = YES;
				COPY_PHASE_STRIP = NO;
				DEBUG_INFORMATION_FORMAT = "dwarf-with-dsym";
				ENABLE_NS_ASSERTIONS = NO;
				ENABLE_STRICT_OBJC_MSGSEND = YES;
				ENABLE_USER_SCRIPT_SANDBOXING = YES;
				GCC_C_LANGUAGE_STANDARD = gnu17;
				GCC_NO_COMMON_BLOCKS = YES;
				GCC_WARN_64_TO_32_BIT_CONVERSION = YES;
				GCC_WARN_ABOUT_RETURN_TYPE = YES_ERROR;
				GCC_WARN_UNDECLARED_SELECTOR = YES;
				GCC_WARN_UNINITIALIZED_AUTOS = YES_AGGRESSIVE;
				GCC_WARN_UNUSED_FUNCTION = YES;
				GCC_WARN_UNUSED_VARIABLE = YES;
				IPHONEOS_DEPLOYMENT_TARGET = 17.0;
				LOCALIZATION_PREFERS_STRING_CATALOGS = YES;
				MTL_ENABLE_DEBUG_INFO = NO;
				MTL_FAST_MATH = YES;
				SDKROOT = iphoneos;
				SWIFT_COMPILATION_MODE = wholemodule;
				VALIDATE_PRODUCT = YES;
			};
			name = Release;
		};
		584964BD2D631F6C00F8D73F /* Debug */ = {
			isa = XCBuildConfiguration;
			buildSettings = {
				ASSETCATALOG_COMPILER_APPICON_NAME = AppIcon;
				ASSETCATALOG_COMPILER_GLOBAL_ACCENT_COLOR_NAME = AccentColor;
				CODE_SIGN_STYLE = Automatic;
				CURRENT_PROJECT_VERSION = 1;
				DEVELOPMENT_ASSET_PATHS = "\"PokeDex/Preview Content\"";
				ENABLE_PREVIEWS = YES;
				GENERATE_INFOPLIST_FILE = YES;
				INFOPLIST_FILE = PokeDex/Info.plist;
				INFOPLIST_KEY_UIApplicationSceneManifest_Generation = YES;
				INFOPLIST_KEY_UIApplicationSupportsIndirectInputEvents = YES;
				INFOPLIST_KEY_UILaunchScreen_Generation = YES;
				INFOPLIST_KEY_UISupportedInterfaceOrientations_iPad = "UIInterfaceOrientationPortrait UIInterfaceOrientationPortraitUpsideDown UIInterfaceOrientationLandscapeLeft UIInterfaceOrientationLandscapeRight";
				INFOPLIST_KEY_UISupportedInterfaceOrientations_iPhone = "UIInterfaceOrientationPortrait UIInterfaceOrientationLandscapeLeft UIInterfaceOrientationLandscapeRight";
				LD_RUNPATH_SEARCH_PATHS = (
					"$(inherited)",
					"@executable_path/Frameworks",
				);
				MARKETING_VERSION = 1.0;
				PRODUCT_BUNDLE_IDENTIFIER = pokedex.PokeDex;
				PRODUCT_NAME = "$(TARGET_NAME)";
				SWIFT_EMIT_LOC_STRINGS = YES;
				SWIFT_VERSION = 5.0;
				TARGETED_DEVICE_FAMILY = "1,2";
			};
			name = Debug;
		};
		584964BE2D631F6C00F8D73F /* Release */ = {
			isa = XCBuildConfiguration;
			buildSettings = {
				ASSETCATALOG_COMPILER_APPICON_NAME = AppIcon;
				ASSETCATALOG_COMPILER_GLOBAL_ACCENT_COLOR_NAME = AccentColor;
				CODE_SIGN_STYLE = Automatic;
				CURRENT_PROJECT_VERSION = 1;
				DEVELOPMENT_ASSET_PATHS = "\"PokeDex/Preview Content\"";
				ENABLE_PREVIEWS = YES;
				GENERATE_INFOPLIST_FILE = YES;
				INFOPLIST_FILE = PokeDex/Info.plist;
				INFOPLIST_KEY_UIApplicationSceneManifest_Generation = YES;
				INFOPLIST_KEY_UIApplicationSupportsIndirectInputEvents = YES;
				INFOPLIST_KEY_UILaunchScreen_Generation = YES;
				INFOPLIST_KEY_UISupportedInterfaceOrientations_iPad = "UIInterfaceOrientationPortrait UIInterfaceOrientationPortraitUpsideDown UIInterfaceOrientationLandscapeLeft UIInterfaceOrientationLandscapeRight";
				INFOPLIST_KEY_UISupportedInterfaceOrientations_iPhone = "UIInterfaceOrientationPortrait UIInterfaceOrientationLandscapeLeft UIInterfaceOrientationLandscapeRight";
				LD_RUNPATH_SEARCH_PATHS = (
					"$(inherited)",
					"@executable_path/Frameworks",
				);
				MARKETING_VERSION = 1.0;
				PRODUCT_BUNDLE_IDENTIFIER = pokedex.PokeDex;
				PRODUCT_NAME = "$(TARGET_NAME)";
				SWIFT_EMIT_LOC_STRINGS = YES;
				SWIFT_VERSION = 5.0;
				TARGETED_DEVICE_FAMILY = "1,2";
			};
			name = Release;
		};
		584964C02D631F6C00F8D73F /* Debug */ = {
			isa = XCBuildConfiguration;
			buildSettings = {
				ALWAYS_EMBED_SWIFT_STANDARD_LIBRARIES = YES;
				BUNDLE_LOADER = "$(TEST_HOST)";
				CODE_SIGN_STYLE = Automatic;
				CURRENT_PROJECT_VERSION = 1;
				GENERATE_INFOPLIST_FILE = YES;
				IPHONEOS_DEPLOYMENT_TARGET = 17.0;
				MARKETING_VERSION = 1.0;
				PRODUCT_BUNDLE_IDENTIFIER = pokedex.PokeDexTests;
				PRODUCT_NAME = "$(TARGET_NAME)";
				SWIFT_EMIT_LOC_STRINGS = NO;
				SWIFT_VERSION = 5.0;
				TARGETED_DEVICE_FAMILY = "1,2";
				TEST_HOST = "$(BUILT_PRODUCTS_DIR)/PokeDex.app/$(BUNDLE_EXECUTABLE_FOLDER_PATH)/PokeDex";
			};
			name = Debug;
		};
		584964C12D631F6C00F8D73F /* Release */ = {
			isa = XCBuildConfiguration;
			buildSettings = {
				ALWAYS_EMBED_SWIFT_STANDARD_LIBRARIES = YES;
				BUNDLE_LOADER = "$(TEST_HOST)";
				CODE_SIGN_STYLE = Automatic;
				CURRENT_PROJECT_VERSION = 1;
				GENERATE_INFOPLIST_FILE = YES;
				IPHONEOS_DEPLOYMENT_TARGET = 17.0;
				MARKETING_VERSION = 1.0;
				PRODUCT_BUNDLE_IDENTIFIER = pokedex.PokeDexTests;
				PRODUCT_NAME = "$(TARGET_NAME)";
				SWIFT_EMIT_LOC_STRINGS = NO;
				SWIFT_VERSION = 5.0;
				TARGETED_DEVICE_FAMILY = "1,2";
				TEST_HOST = "$(BUILT_PRODUCTS_DIR)/PokeDex.app/$(BUNDLE_EXECUTABLE_FOLDER_PATH)/PokeDex";
			};
			name = Release;
		};
		584964C32D631F6C00F8D73F /* Debug */ = {
			isa = XCBuildConfiguration;
			buildSettings = {
				ALWAYS_EMBED_SWIFT_STANDARD_LIBRARIES = YES;
				CODE_SIGN_STYLE = Automatic;
				CURRENT_PROJECT_VERSION = 1;
				GENERATE_INFOPLIST_FILE = YES;
				MARKETING_VERSION = 1.0;
				PRODUCT_BUNDLE_IDENTIFIER = pokedex.PokeDexUITests;
				PRODUCT_NAME = "$(TARGET_NAME)";
				SWIFT_EMIT_LOC_STRINGS = NO;
				SWIFT_VERSION = 5.0;
				TARGETED_DEVICE_FAMILY = "1,2";
				TEST_TARGET_NAME = PokeDex;
			};
			name = Debug;
		};
		584964C42D631F6C00F8D73F /* Release */ = {
			isa = XCBuildConfiguration;
			buildSettings = {
				ALWAYS_EMBED_SWIFT_STANDARD_LIBRARIES = YES;
				CODE_SIGN_STYLE = Automatic;
				CURRENT_PROJECT_VERSION = 1;
				GENERATE_INFOPLIST_FILE = YES;
				MARKETING_VERSION = 1.0;
				PRODUCT_BUNDLE_IDENTIFIER = pokedex.PokeDexUITests;
				PRODUCT_NAME = "$(TARGET_NAME)";
				SWIFT_EMIT_LOC_STRINGS = NO;
				SWIFT_VERSION = 5.0;
				TARGETED_DEVICE_FAMILY = "1,2";
				TEST_TARGET_NAME = PokeDex;
			};
			name = Release;
		};
/* End XCBuildConfiguration section */

/* Begin XCConfigurationList section */
		5849648E2D631F6A00F8D73F /* Build configuration list for PBXProject "PokeDex" */ = {
			isa = XCConfigurationList;
			buildConfigurations = (
				584964BA2D631F6C00F8D73F /* Debug */,
				584964BB2D631F6C00F8D73F /* Release */,
			);
			defaultConfigurationIsVisible = 0;
			defaultConfigurationName = Release;
		};
		584964BC2D631F6C00F8D73F /* Build configuration list for PBXNativeTarget "PokeDex" */ = {
			isa = XCConfigurationList;
			buildConfigurations = (
				584964BD2D631F6C00F8D73F /* Debug */,
				584964BE2D631F6C00F8D73F /* Release */,
			);
			defaultConfigurationIsVisible = 0;
			defaultConfigurationName = Release;
		};
		584964BF2D631F6C00F8D73F /* Build configuration list for PBXNativeTarget "PokeDexTests" */ = {
			isa = XCConfigurationList;
			buildConfigurations = (
				584964C02D631F6C00F8D73F /* Debug */,
				584964C12D631F6C00F8D73F /* Release */,
			);
			defaultConfigurationIsVisible = 0;
			defaultConfigurationName = Release;
		};
		584964C22D631F6C00F8D73F /* Build configuration list for PBXNativeTarget "PokeDexUITests" */ = {
			isa = XCConfigurationList;
			buildConfigurations = (
				584964C32D631F6C00F8D73F /* Debug */,
				584964C42D631F6C00F8D73F /* Release */,
			);
			defaultConfigurationIsVisible = 0;
			defaultConfigurationName = Release;
		};
/* End XCConfigurationList section */

/* Begin XCVersionGroup section */
		584964A12D631F6C00F8D73F /* PokeDex.xcdatamodeld */ = {
			isa = XCVersionGroup;
			children = (
				584964A22D631F6C00F8D73F /* PokeDex.xcdatamodel */,
			);
			currentVersion = 584964A22D631F6C00F8D73F /* PokeDex.xcdatamodel */;
			path = PokeDex.xcdatamodeld;
			sourceTree = "<group>";
			versionGroupType = wrapper.xcdatamodel;
		};
/* End XCVersionGroup section */
	};
	rootObject = 5849648B2D631F6A00F8D73F /* Project object */;
}
